<?xml version="1.0" encoding="utf-8"?>
<Project ToolsVersion="4.0" xmlns="http://schemas.microsoft.com/developer/msbuild/2003">
  <ItemGroup>
    <Filter Include="Source Files">
      <UniqueIdentifier>{4FC737F1-C7A5-4376-A066-2A32D752A2FF}</UniqueIdentifier>
      <Extensions>cpp;c;cc;cxx;def;odl;idl;hpj;bat;asm;asmx</Extensions>
    </Filter>
    <Filter Include="Header Files">
      <UniqueIdentifier>{93995380-89BD-4b04-88EB-625FBE52EBFB}</UniqueIdentifier>
      <Extensions>h;hh;hpp;hxx;hm;inl;inc;xsd</Extensions>
    </Filter>
    <Filter Include="Resource Files">
      <UniqueIdentifier>{67DA6AB6-F800-4c08-8B7A-83BB121AAD01}</UniqueIdentifier>
      <Extensions>rc;ico;cur;bmp;dlg;rc2;rct;bin;rgs;gif;jpg;jpeg;jpe;resx;tiff;tif;png;wav;mfcribbon-ms</Extensions>
    </Filter>
    <Filter Include="Form Files">
      <UniqueIdentifier>{99349809-55BA-4b9d-BF79-8FDBB0286EB3}</UniqueIdentifier>
      <Extensions>ui</Extensions>
    </Filter>
    <Filter Include="Resource Files">
      <UniqueIdentifier>{D9D6E242-F8AF-46E4-B9FD-80ECBC20BA3E}</UniqueIdentifier>
      <Extensions>qrc;*</Extensions>
      <ParseFiles>false</ParseFiles>
    </Filter>
    <Filter Include="Source Files\Model">
      <UniqueIdentifier>{a8352baa-cc96-43ef-947c-4c4cff990140}</UniqueIdentifier>
    </Filter>
    <Filter Include="Header Files\ModelHeader">
      <UniqueIdentifier>{34254c58-e890-43f8-b3c5-9a0387b706a8}</UniqueIdentifier>
    </Filter>
    <Filter Include="Source Files\Controller">
      <UniqueIdentifier>{4b058457-0757-43a3-8e2c-89392d5c319a}</UniqueIdentifier>
    </Filter>
    <Filter Include="Header Files\ControllerHeader">
      <UniqueIdentifier>{aecf57a7-255e-4bfc-b733-f91ffcc54225}</UniqueIdentifier>
    </Filter>
    <Filter Include="Header Files\SubViewHeader">
      <UniqueIdentifier>{8c8f22ed-5877-4723-aed8-c842ff27d12d}</UniqueIdentifier>
    </Filter>
    <Filter Include="Source Files\SubView">
      <UniqueIdentifier>{aebb2087-7b95-4cda-995f-96ed2ead45a4}</UniqueIdentifier>
    </Filter>
    <Filter Include="Header Files\ViewHeader">
      <UniqueIdentifier>{db22c85a-2b9e-42f5-861d-893779b9e4cd}</UniqueIdentifier>
    </Filter>
    <Filter Include="Source Files\View">
      <UniqueIdentifier>{17091c22-1a7e-47ac-8b9d-18338b0c9751}</UniqueIdentifier>
    </Filter>
    <Filter Include="Header Files\SubStructureHeader">
      <UniqueIdentifier>{87f878c7-83d9-4d2a-bdbc-c57ac7703641}</UniqueIdentifier>
    </Filter>
    <Filter Include="Source Files\SubStructure">
      <UniqueIdentifier>{7da3402f-9eee-49a4-ad0e-df6390d70ed2}</UniqueIdentifier>
    </Filter>
  </ItemGroup>
  <ItemGroup>
    <QtUic Include="MyView.ui">
      <Filter>Resource Files</Filter>
    </QtUic>
    <QtUic Include="RegisterNewUserView.ui">
      <Filter>Resource Files</Filter>
    </QtUic>
    <QtUic Include="LauncherView.ui">
      <Filter>Resource Files</Filter>
    </QtUic>
  </ItemGroup>
  <ItemGroup>
    <ClCompile Include="main.cpp">
      <Filter>Source Files</Filter>
    </ClCompile>
    <ClCompile Include="MyModel\Camera.cpp">
      <Filter>Source Files\Model</Filter>
    </ClCompile>
    <ClCompile Include="MyModel\DataBase.cpp">
      <Filter>Source Files\Model</Filter>
    </ClCompile>
    <ClCompile Include="MySubView\QLabelWithMouseEvent.cpp">
      <Filter>Source Files\SubView</Filter>
    </ClCompile>
    <ClCompile Include="MyController\Controller.cpp">
      <Filter>Source Files\Controller</Filter>
    </ClCompile>
    <ClCompile Include="MyModel\Algorithm.cpp">
      <Filter>Source Files\Model</Filter>
    </ClCompile>
    <ClCompile Include="MySubView\QListWidgetCamerasItem.cpp">
      <Filter>Source Files\SubView</Filter>
    </ClCompile>
    <ClCompile Include="MySubView\QListWidgetErrorItem.cpp">
      <Filter>Source Files\SubView</Filter>
    </ClCompile>
    <ClCompile Include="MyView\ImageSettingView.cpp">
      <Filter>Source Files\View</Filter>
    </ClCompile>
    <ClCompile Include="MyView\MyView.cpp">
      <Filter>Source Files\View</Filter>
    </ClCompile>
    <ClCompile Include="MyView\RegisterNewUserView.cpp">
      <Filter>Source Files\View</Filter>
    </ClCompile>
    <ClCompile Include="MyView\LogInView.cpp">
      <Filter>Source Files\View</Filter>
    </ClCompile>
    <ClCompile Include="MyView\LauncherView.cpp">
      <Filter>Source Files\View</Filter>
    </ClCompile>
    <ClCompile Include="MyModel\UserCache.cpp">
      <Filter>Source Files\Model</Filter>
    </ClCompile>
    <ClCompile Include="MyModel\Log.cpp">
      <Filter>Source Files\Model</Filter>
    </ClCompile>
  </ItemGroup>
  <ItemGroup>
    <ClInclude Include="MyModel\Camera.h">
      <Filter>Header Files\ModelHeader</Filter>
    </ClInclude>
    <ClInclude Include="MyModel\DataBase.h">
      <Filter>Header Files\ModelHeader</Filter>
    </ClInclude>
    <ClInclude Include="MyModel\Algorithm.h">
      <Filter>Header Files\ModelHeader</Filter>
    </ClInclude>
    <ClInclude Include="MyController\Controller.h">
      <Filter>Header Files\ControllerHeader</Filter>
    </ClInclude>
    <ClInclude Include="MyModel\UserCache.h">
      <Filter>Header Files\ModelHeader</Filter>
    </ClInclude>
    <ClInclude Include="MySubStructure\BlockQueue.h">
      <Filter>Header Files\SubStructureHeader</Filter>
    </ClInclude>
    <ClInclude Include="MyModel\Log.h">
      <Filter>Header Files\ModelHeader</Filter>
    </ClInclude>
  </ItemGroup>
  <ItemGroup>
    <QtMoc Include="MySubView\QLabelWithMouseEvent.h">
      <Filter>Header Files\SubViewHeader</Filter>
    </QtMoc>
    <QtMoc Include="MySubView\QListWidgetCamerasItem.h">
      <Filter>Header Files\SubViewHeader</Filter>
    </QtMoc>
    <QtMoc Include="MySubView\QListWidgetErrorItem.h">
      <Filter>Header Files\SubViewHeader</Filter>
    </QtMoc>
    <QtMoc Include="MyView\ImageSettingView.h">
      <Filter>Header Files\ViewHeader</Filter>
    </QtMoc>
    <QtMoc Include="MyView\MyView.h">
      <Filter>Header Files\ViewHeader</Filter>
    </QtMoc>
    <QtMoc Include="MyView\LogInView.h">
      <Filter>Header Files\ViewHeader</Filter>
    </QtMoc>
    <QtMoc Include="MyView\RegisterNewUserView.h">
      <Filter>Header Files\ViewHeader</Filter>
    </QtMoc>
    <QtMoc Include="MyView\LauncherView.h">
      <Filter>Header Files\ViewHeader</Filter>
    </QtMoc>
  </ItemGroup>
  <ItemGroup>
    <QtUic Include="ImageSettingView.ui">
      <Filter>Resource Files</Filter>
    </QtUic>
    <QtUic Include="LogInView.ui">
      <Filter>Resource Files</Filter>
    </QtUic>
  </ItemGroup>
</Project>